
Microsoft Visual Studio Solution File, Format Version 10.00
# Visual Studio 2008
Project("{FAE04EC0-301F-11D3-BF4B-00C04F79EFBC}") = "CAESDO.Esra.Core", "CAESDO.Esra.Core\CAESDO.Esra.Core.csproj", "{0E6DB3B4-00A0-4C1F-9B33-C8412E349806}"
EndProject
Project("{FAE04EC0-301F-11D3-BF4B-00C04F79EFBC}") = "CAESDO.Esra.Data", "CAESDO.Esra.Data\CAESDO.Esra.Data.csproj", "{3D25136A-064D-4B0D-9E2D-7CA0D057DBF2}"
EndProject
Project("{FAE04EC0-301F-11D3-BF4B-00C04F79EFBC}") = "CAESDO.Esra.BLL", "CAESDO.Esra.BLL\CAESDO.Esra.BLL.csproj", "{6CA7EB51-4A95-4270-8A92-DA22BC67E4C4}"
EndProject
Project("{FAE04EC0-301F-11D3-BF4B-00C04F79EFBC}") = "Esra.Web", "Esra.Web\Esra.Web.csproj", "{4A910EC7-8C1B-4F6A-8F0A-44B90644D661}"
EndProject
Project("{2CFEAB61-6A3B-4EB8-B523-560B4BEEF521}") = "Esra.Web.csproj_deploy", "Esra.Web.csproj_deploy\Esra.Web.csproj_deploy.wdproj", "{7E905724-F196-4FA8-81DC-CA99C2B248C9}"
EndProject
Project("{4F174C21-8C12-11D0-8340-0000F80270F8}") = "Esra.Database", "Esra.Database\Esra.Database.dbp", "{0DDE7FD8-215F-4030-A000-8C68B40846E9}"
EndProject
Project("{FAE04EC0-301F-11D3-BF4B-00C04F79EFBC}") = "CAESDO.Esra.Test", "CAESDO.Esra.Test\CAESDO.Esra.Test.csproj", "{D9791255-B471-4891-AEB4-5FBA63483208}"
EndProject
Project("{2150E333-8FDC-42A3-9474-1A3956D46DE8}") = "Solution Items", "Solution Items", "{7190D33E-3BC5-4798-871F-EE795FC7F91E}"
	ProjectSection(SolutionItems) = preProject
		Esra.vsmdi = Esra.vsmdi
		LocalTestRun.testrunconfig = LocalTestRun.testrunconfig
	EndProjectSection
EndProject
Global
	GlobalSection(TeamFoundationVersionControl) = preSolution
		SccNumberOfProjects = 8
		SccEnterpriseProvider = {4CA58AB2-18FA-4F8D-95D4-32DDF27D184C}
		SccTeamFoundationServer = http://1x:8080/
		SccLocalPath0 = .
		SccProjectUniqueName1 = CAESDO.Esra.BLL\\CAESDO.Esra.BLL.csproj
		SccProjectName1 = CAESDO.Esra.BLL
		SccLocalPath1 = CAESDO.Esra.BLL
		SccProjectUniqueName2 = CAESDO.Esra.Core\\CAESDO.Esra.Core.csproj
		SccProjectName2 = CAESDO.Esra.Core
		SccLocalPath2 = CAESDO.Esra.Core
		SccProjectUniqueName3 = CAESDO.Esra.Data\\CAESDO.Esra.Data.csproj
		SccProjectName3 = CAESDO.Esra.Data
		SccLocalPath3 = CAESDO.Esra.Data
		SccProjectUniqueName4 = Esra.Web\\Esra.Web.csproj
		SccProjectName4 = Esra.Web
		SccLocalPath4 = Esra.Web
		SccProjectUniqueName5 = Esra.Web.csproj_deploy\\Esra.Web.csproj_deploy.wdproj
		SccProjectName5 = Esra.Web.csproj_deploy
		SccLocalPath5 = Esra.Web.csproj_deploy
		SccProjectUniqueName6 = Esra.Database\\Esra.Database.dbp
		SccProjectName6 = Esra.Database
		SccLocalPath6 = Esra.Database
		SccProjectUniqueName7 = CAESDO.Esra.Test\\CAESDO.Esra.Test.csproj
		SccProjectName7 = CAESDO.Esra.Test
		SccLocalPath7 = CAESDO.Esra.Test
	EndGlobalSection
	GlobalSection(TestCaseManagementSettings) = postSolution
		CategoryFile = Esra.vsmdi
	EndGlobalSection
	GlobalSection(SolutionConfigurationPlatforms) = preSolution
		Debug|Any CPU = Debug|Any CPU
		Release|Any CPU = Release|Any CPU
	EndGlobalSection
	GlobalSection(ProjectConfigurationPlatforms) = postSolution
		{0E6DB3B4-00A0-4C1F-9B33-C8412E349806}.Debug|Any CPU.ActiveCfg = Debug|Any CPU
		{0E6DB3B4-00A0-4C1F-9B33-C8412E349806}.Debug|Any CPU.Build.0 = Debug|Any CPU
		{0E6DB3B4-00A0-4C1F-9B33-C8412E349806}.Release|Any CPU.ActiveCfg = Release|Any CPU
		{0E6DB3B4-00A0-4C1F-9B33-C8412E349806}.Release|Any CPU.Build.0 = Release|Any CPU
		{3D25136A-064D-4B0D-9E2D-7CA0D057DBF2}.Debug|Any CPU.ActiveCfg = Debug|Any CPU
		{3D25136A-064D-4B0D-9E2D-7CA0D057DBF2}.Debug|Any CPU.Build.0 = Debug|Any CPU
		{3D25136A-064D-4B0D-9E2D-7CA0D057DBF2}.Release|Any CPU.ActiveCfg = Release|Any CPU
		{3D25136A-064D-4B0D-9E2D-7CA0D057DBF2}.Release|Any CPU.Build.0 = Release|Any CPU
		{6CA7EB51-4A95-4270-8A92-DA22BC67E4C4}.Debug|Any CPU.ActiveCfg = Debug|Any CPU
		{6CA7EB51-4A95-4270-8A92-DA22BC67E4C4}.Debug|Any CPU.Build.0 = Debug|Any CPU
		{6CA7EB51-4A95-4270-8A92-DA22BC67E4C4}.Release|Any CPU.ActiveCfg = Release|Any CPU
		{6CA7EB51-4A95-4270-8A92-DA22BC67E4C4}.Release|Any CPU.Build.0 = Release|Any CPU
		{4A910EC7-8C1B-4F6A-8F0A-44B90644D661}.Debug|Any CPU.ActiveCfg = Debug|Any CPU
		{4A910EC7-8C1B-4F6A-8F0A-44B90644D661}.Debug|Any CPU.Build.0 = Debug|Any CPU
		{4A910EC7-8C1B-4F6A-8F0A-44B90644D661}.Release|Any CPU.ActiveCfg = Release|Any CPU
		{4A910EC7-8C1B-4F6A-8F0A-44B90644D661}.Release|Any CPU.Build.0 = Release|Any CPU
		{7E905724-F196-4FA8-81DC-CA99C2B248C9}.Debug|Any CPU.ActiveCfg = Debug|Any CPU
		{7E905724-F196-4FA8-81DC-CA99C2B248C9}.Debug|Any CPU.Build.0 = Debug|Any CPU
		{7E905724-F196-4FA8-81DC-CA99C2B248C9}.Release|Any CPU.ActiveCfg = Release|Any CPU
		{7E905724-F196-4FA8-81DC-CA99C2B248C9}.Release|Any CPU.Build.0 = Release|Any CPU
		{D9791255-B471-4891-AEB4-5FBA63483208}.Debug|Any CPU.ActiveCfg = Debug|Any CPU
		{D9791255-B471-4891-AEB4-5FBA63483208}.Debug|Any CPU.Build.0 = Debug|Any CPU
		{D9791255-B471-4891-AEB4-5FBA63483208}.Release|Any CPU.ActiveCfg = Release|Any CPU
		{D9791255-B471-4891-AEB4-5FBA63483208}.Release|Any CPU.Build.0 = Release|Any CPU
	EndGlobalSection
	GlobalSection(SolutionProperties) = preSolution
		HideSolutionNode = FALSE
	EndGlobalSection
EndGlobal
